
Microsoft Visual Studio Solution File, Format Version 12.00
# Visual Studio Version 16
VisualStudioVersion = 16.0.30309.148
MinimumVisualStudioVersion = 10.0.40219.1
Project("{FAE04EC0-301F-11D3-BF4B-00C04F79EFBC}") = "Stok_Takip", "Stok_Takip\Stok_Takip.csproj", "{E56D7487-84E9-41C4-B2B5-30E12A2E34A9}"
EndProject
Project("{2150E333-8FDC-42A3-9474-1A3956D46DE8}") = "Solution Items", "Solution Items", "{9C70A214-80C5-4F1B-8C6E-F0F2C2FF958A}"
	ProjectSection(SolutionItems) = preProject
		.editorconfig = .editorconfig
	EndProjectSection
EndProject
Global
	GlobalSection(SolutionConfigurationPlatforms) = preSolution
		Debug|Any CPU = Debug|Any CPU
		Release|Any CPU = Release|Any CPU
	EndGlobalSection
	GlobalSection(ProjectConfigurationPlatforms) = postSolution
		{E56D7487-84E9-41C4-B2B5-30E12A2E34A9}.Debug|Any CPU.ActiveCfg = Debug|Any CPU
		{E56D7487-84E9-41C4-B2B5-30E12A2E34A9}.Debug|Any CPU.Build.0 = Debug|Any CPU
		{E56D7487-84E9-41C4-B2B5-30E12A2E34A9}.Release|Any CPU.ActiveCfg = Release|Any CPU
		{E56D7487-84E9-41C4-B2B5-30E12A2E34A9}.Release|Any CPU.Build.0 = Release|Any CPU
	EndGlobalSection
	GlobalSection(SolutionProperties) = preSolution
		HideSolutionNode = FALSE
	EndGlobalSection
	GlobalSection(ExtensibilityGlobals) = postSolution
		SolutionGuid = {BBF32F65-43C8-4B9F-809F-E44B026307D0}
	EndGlobalSection
EndGlobal
